
Microsoft Visual Studio Solution File, Format Version 12.00
# Visual Studio Version 16
VisualStudioVersion = 16.0.30413.136
MinimumVisualStudioVersion = 10.0.40219.1
Project("{FAE04EC0-301F-11D3-BF4B-00C04F79EFBC}") = "VisualInheritanceTest", "VisualInheritanceTest\VisualInheritanceTest.csproj", "{EE70E39C-5D5B-4C5A-895D-E374BF8CC2C3}"
EndProject
Global
	GlobalSection(SolutionConfigurationPlatforms) = preSolution
		Debug|Any CPU = Debug|Any CPU
		Release|Any CPU = Release|Any CPU
	EndGlobalSection
	GlobalSection(ProjectConfigurationPlatforms) = postSolution
		{EE70E39C-5D5B-4C5A-895D-E374BF8CC2C3}.Debug|Any CPU.ActiveCfg = Debug|Any CPU
		{EE70E39C-5D5B-4C5A-895D-E374BF8CC2C3}.Debug|Any CPU.Build.0 = Debug|Any CPU
		{EE70E39C-5D5B-4C5A-895D-E374BF8CC2C3}.Release|Any CPU.ActiveCfg = Release|Any CPU
		{EE70E39C-5D5B-4C5A-895D-E374BF8CC2C3}.Release|Any CPU.Build.0 = Release|Any CPU
	EndGlobalSection
	GlobalSection(SolutionProperties) = preSolution
		HideSolutionNode = FALSE
	EndGlobalSection
	GlobalSection(ExtensibilityGlobals) = postSolution
		SolutionGuid = {64C3665E-5A82-4ED6-B5C1-C5BFDA916781}
	EndGlobalSection
EndGlobal
