
Microsoft Visual Studio Solution File, Format Version 12.00
# Visual Studio Version 16
VisualStudioVersion = 16.0.30413.136
MinimumVisualStudioVersion = 10.0.40219.1
Project("{FAE04EC0-301F-11D3-BF4B-00C04F79EFBC}") = "VisualInhertitanceBase", "VisualInhertitanceBase\VisualInhertitanceBase.csproj", "{624E51FA-D363-4502-B8A8-795C5507061E}"
EndProject
Global
	GlobalSection(SolutionConfigurationPlatforms) = preSolution
		Debug|Any CPU = Debug|Any CPU
		Release|Any CPU = Release|Any CPU
	EndGlobalSection
	GlobalSection(ProjectConfigurationPlatforms) = postSolution
		{624E51FA-D363-4502-B8A8-795C5507061E}.Debug|Any CPU.ActiveCfg = Debug|Any CPU
		{624E51FA-D363-4502-B8A8-795C5507061E}.Debug|Any CPU.Build.0 = Debug|Any CPU
		{624E51FA-D363-4502-B8A8-795C5507061E}.Release|Any CPU.ActiveCfg = Release|Any CPU
		{624E51FA-D363-4502-B8A8-795C5507061E}.Release|Any CPU.Build.0 = Release|Any CPU
	EndGlobalSection
	GlobalSection(SolutionProperties) = preSolution
		HideSolutionNode = FALSE
	EndGlobalSection
	GlobalSection(ExtensibilityGlobals) = postSolution
		SolutionGuid = {EC18C208-0366-48BC-BF4D-CA7D2EF7E3CC}
	EndGlobalSection
EndGlobal
