
Microsoft Visual Studio Solution File, Format Version 12.00
# Visual Studio Version 16
VisualStudioVersion = 16.0.30413.136
MinimumVisualStudioVersion = 10.0.40219.1
Project("{FAE04EC0-301F-11D3-BF4B-00C04F79EFBC}") = "Account", "Account\Account.csproj", "{187531BF-1942-4263-9DB4-59C833CC0827}"
EndProject
Global
	GlobalSection(SolutionConfigurationPlatforms) = preSolution
		Debug|Any CPU = Debug|Any CPU
		Release|Any CPU = Release|Any CPU
	EndGlobalSection
	GlobalSection(ProjectConfigurationPlatforms) = postSolution
		{187531BF-1942-4263-9DB4-59C833CC0827}.Debug|Any CPU.ActiveCfg = Debug|Any CPU
		{187531BF-1942-4263-9DB4-59C833CC0827}.Debug|Any CPU.Build.0 = Debug|Any CPU
		{187531BF-1942-4263-9DB4-59C833CC0827}.Release|Any CPU.ActiveCfg = Release|Any CPU
		{187531BF-1942-4263-9DB4-59C833CC0827}.Release|Any CPU.Build.0 = Release|Any CPU
	EndGlobalSection
	GlobalSection(SolutionProperties) = preSolution
		HideSolutionNode = FALSE
	EndGlobalSection
	GlobalSection(ExtensibilityGlobals) = postSolution
		SolutionGuid = {7FA7204F-E9E8-4B96-9E5A-99364634D051}
	EndGlobalSection
EndGlobal
