
Microsoft Visual Studio Solution File, Format Version 12.00
# Visual Studio Version 16
VisualStudioVersion = 16.0.30413.136
MinimumVisualStudioVersion = 10.0.40219.1
Project("{FAE04EC0-301F-11D3-BF4B-00C04F79EFBC}") = "SimpleEventExample", "SimpleEventExample\SimpleEventExample.csproj", "{603E9867-C132-4787-88A1-6AE3C4275C0E}"
EndProject
Global
	GlobalSection(SolutionConfigurationPlatforms) = preSolution
		Debug|Any CPU = Debug|Any CPU
		Release|Any CPU = Release|Any CPU
	EndGlobalSection
	GlobalSection(ProjectConfigurationPlatforms) = postSolution
		{603E9867-C132-4787-88A1-6AE3C4275C0E}.Debug|Any CPU.ActiveCfg = Debug|Any CPU
		{603E9867-C132-4787-88A1-6AE3C4275C0E}.Debug|Any CPU.Build.0 = Debug|Any CPU
		{603E9867-C132-4787-88A1-6AE3C4275C0E}.Release|Any CPU.ActiveCfg = Release|Any CPU
		{603E9867-C132-4787-88A1-6AE3C4275C0E}.Release|Any CPU.Build.0 = Release|Any CPU
	EndGlobalSection
	GlobalSection(SolutionProperties) = preSolution
		HideSolutionNode = FALSE
	EndGlobalSection
	GlobalSection(ExtensibilityGlobals) = postSolution
		SolutionGuid = {30E1A0D6-3181-492B-A98D-ADDC36065E2D}
	EndGlobalSection
EndGlobal
