
Microsoft Visual Studio Solution File, Format Version 12.00
# Visual Studio Version 16
VisualStudioVersion = 16.0.30413.136
MinimumVisualStudioVersion = 10.0.40219.1
Project("{FAE04EC0-301F-11D3-BF4B-00C04F79EFBC}") = "PictureBox", "PictureBox\PictureBox.csproj", "{CC7E4AE3-0B33-4E7E-AEDA-7D346C28C3C8}"
EndProject
Global
	GlobalSection(SolutionConfigurationPlatforms) = preSolution
		Debug|Any CPU = Debug|Any CPU
		Release|Any CPU = Release|Any CPU
	EndGlobalSection
	GlobalSection(ProjectConfigurationPlatforms) = postSolution
		{CC7E4AE3-0B33-4E7E-AEDA-7D346C28C3C8}.Debug|Any CPU.ActiveCfg = Debug|Any CPU
		{CC7E4AE3-0B33-4E7E-AEDA-7D346C28C3C8}.Debug|Any CPU.Build.0 = Debug|Any CPU
		{CC7E4AE3-0B33-4E7E-AEDA-7D346C28C3C8}.Release|Any CPU.ActiveCfg = Release|Any CPU
		{CC7E4AE3-0B33-4E7E-AEDA-7D346C28C3C8}.Release|Any CPU.Build.0 = Release|Any CPU
	EndGlobalSection
	GlobalSection(SolutionProperties) = preSolution
		HideSolutionNode = FALSE
	EndGlobalSection
	GlobalSection(ExtensibilityGlobals) = postSolution
		SolutionGuid = {EA9E4789-E87D-4A55-8B98-730B22D5DB71}
	EndGlobalSection
EndGlobal
