
Microsoft Visual Studio Solution File, Format Version 12.00
# Visual Studio Version 16
VisualStudioVersion = 16.0.30413.136
MinimumVisualStudioVersion = 10.0.40219.1
Project("{FAE04EC0-301F-11D3-BF4B-00C04F79EFBC}") = "Painter", "Painter\Painter.csproj", "{15F3E1A4-CC35-45AA-8431-2FD22179A8E9}"
EndProject
Global
	GlobalSection(SolutionConfigurationPlatforms) = preSolution
		Debug|Any CPU = Debug|Any CPU
		Release|Any CPU = Release|Any CPU
	EndGlobalSection
	GlobalSection(ProjectConfigurationPlatforms) = postSolution
		{15F3E1A4-CC35-45AA-8431-2FD22179A8E9}.Debug|Any CPU.ActiveCfg = Debug|Any CPU
		{15F3E1A4-CC35-45AA-8431-2FD22179A8E9}.Debug|Any CPU.Build.0 = Debug|Any CPU
		{15F3E1A4-CC35-45AA-8431-2FD22179A8E9}.Release|Any CPU.ActiveCfg = Release|Any CPU
		{15F3E1A4-CC35-45AA-8431-2FD22179A8E9}.Release|Any CPU.Build.0 = Release|Any CPU
	EndGlobalSection
	GlobalSection(SolutionProperties) = preSolution
		HideSolutionNode = FALSE
	EndGlobalSection
	GlobalSection(ExtensibilityGlobals) = postSolution
		SolutionGuid = {6817D5B1-170B-4F20-A4CB-0BFD667AD995}
	EndGlobalSection
EndGlobal
