
Microsoft Visual Studio Solution File, Format Version 12.00
# Visual Studio Version 16
VisualStudioVersion = 16.0.30413.136
MinimumVisualStudioVersion = 10.0.40219.1
Project("{FAE04EC0-301F-11D3-BF4B-00C04F79EFBC}") = "FileTest", "FileTest\FileTest.csproj", "{38C7AFE1-743D-438E-A917-09A3A57AA53E}"
EndProject
Global
	GlobalSection(SolutionConfigurationPlatforms) = preSolution
		Debug|Any CPU = Debug|Any CPU
		Release|Any CPU = Release|Any CPU
	EndGlobalSection
	GlobalSection(ProjectConfigurationPlatforms) = postSolution
		{38C7AFE1-743D-438E-A917-09A3A57AA53E}.Debug|Any CPU.ActiveCfg = Debug|Any CPU
		{38C7AFE1-743D-438E-A917-09A3A57AA53E}.Debug|Any CPU.Build.0 = Debug|Any CPU
		{38C7AFE1-743D-438E-A917-09A3A57AA53E}.Release|Any CPU.ActiveCfg = Release|Any CPU
		{38C7AFE1-743D-438E-A917-09A3A57AA53E}.Release|Any CPU.Build.0 = Release|Any CPU
	EndGlobalSection
	GlobalSection(SolutionProperties) = preSolution
		HideSolutionNode = FALSE
	EndGlobalSection
	GlobalSection(ExtensibilityGlobals) = postSolution
		SolutionGuid = {92F81D0D-886F-4CD2-9B00-3125C9B5A14E}
	EndGlobalSection
EndGlobal
