
Microsoft Visual Studio Solution File, Format Version 12.00
# Visual Studio Version 16
VisualStudioVersion = 16.0.30413.136
MinimumVisualStudioVersion = 10.0.40219.1
Project("{FAE04EC0-301F-11D3-BF4B-00C04F79EFBC}") = "Exam1RainOrShine", "Exam1RainOrShine\Exam1RainOrShine.csproj", "{C75BAD07-D176-4958-9A3D-29B74A83A01F}"
EndProject
Global
	GlobalSection(SolutionConfigurationPlatforms) = preSolution
		Debug|Any CPU = Debug|Any CPU
		Release|Any CPU = Release|Any CPU
	EndGlobalSection
	GlobalSection(ProjectConfigurationPlatforms) = postSolution
		{C75BAD07-D176-4958-9A3D-29B74A83A01F}.Debug|Any CPU.ActiveCfg = Debug|Any CPU
		{C75BAD07-D176-4958-9A3D-29B74A83A01F}.Debug|Any CPU.Build.0 = Debug|Any CPU
		{C75BAD07-D176-4958-9A3D-29B74A83A01F}.Release|Any CPU.ActiveCfg = Release|Any CPU
		{C75BAD07-D176-4958-9A3D-29B74A83A01F}.Release|Any CPU.Build.0 = Release|Any CPU
	EndGlobalSection
	GlobalSection(SolutionProperties) = preSolution
		HideSolutionNode = FALSE
	EndGlobalSection
	GlobalSection(ExtensibilityGlobals) = postSolution
		SolutionGuid = {8869B67E-6945-401A-A652-1285D9872853}
	EndGlobalSection
EndGlobal
