
Microsoft Visual Studio Solution File, Format Version 12.00
# Visual Studio Version 16
VisualStudioVersion = 16.0.30413.136
MinimumVisualStudioVersion = 10.0.40219.1
Project("{FAE04EC0-301F-11D3-BF4B-00C04F79EFBC}") = "ListView", "ListView\ListView.csproj", "{216FD4A4-5D25-4A08-A86E-CFE53B0F2980}"
EndProject
Global
	GlobalSection(SolutionConfigurationPlatforms) = preSolution
		Debug|Any CPU = Debug|Any CPU
		Release|Any CPU = Release|Any CPU
	EndGlobalSection
	GlobalSection(ProjectConfigurationPlatforms) = postSolution
		{216FD4A4-5D25-4A08-A86E-CFE53B0F2980}.Debug|Any CPU.ActiveCfg = Debug|Any CPU
		{216FD4A4-5D25-4A08-A86E-CFE53B0F2980}.Debug|Any CPU.Build.0 = Debug|Any CPU
		{216FD4A4-5D25-4A08-A86E-CFE53B0F2980}.Release|Any CPU.ActiveCfg = Release|Any CPU
		{216FD4A4-5D25-4A08-A86E-CFE53B0F2980}.Release|Any CPU.Build.0 = Release|Any CPU
	EndGlobalSection
	GlobalSection(SolutionProperties) = preSolution
		HideSolutionNode = FALSE
	EndGlobalSection
	GlobalSection(ExtensibilityGlobals) = postSolution
		SolutionGuid = {AFCEFC9F-7318-4221-BF49-07E2D2C5067B}
	EndGlobalSection
EndGlobal
