
Microsoft Visual Studio Solution File, Format Version 12.00
# Visual Studio Version 16
VisualStudioVersion = 16.0.30413.136
MinimumVisualStudioVersion = 10.0.40219.1
Project("{FAE04EC0-301F-11D3-BF4B-00C04F79EFBC}") = "ReadSequentialAccessForm", "ReadSequentialAccessForm\ReadSequentialAccessForm.csproj", "{1914D3F0-6CC6-41BB-9888-E4B46A3005CD}"
EndProject
Global
	GlobalSection(SolutionConfigurationPlatforms) = preSolution
		Debug|Any CPU = Debug|Any CPU
		Release|Any CPU = Release|Any CPU
	EndGlobalSection
	GlobalSection(ProjectConfigurationPlatforms) = postSolution
		{1914D3F0-6CC6-41BB-9888-E4B46A3005CD}.Debug|Any CPU.ActiveCfg = Debug|Any CPU
		{1914D3F0-6CC6-41BB-9888-E4B46A3005CD}.Debug|Any CPU.Build.0 = Debug|Any CPU
		{1914D3F0-6CC6-41BB-9888-E4B46A3005CD}.Release|Any CPU.ActiveCfg = Release|Any CPU
		{1914D3F0-6CC6-41BB-9888-E4B46A3005CD}.Release|Any CPU.Build.0 = Release|Any CPU
	EndGlobalSection
	GlobalSection(SolutionProperties) = preSolution
		HideSolutionNode = FALSE
	EndGlobalSection
	GlobalSection(ExtensibilityGlobals) = postSolution
		SolutionGuid = {05C31B36-C969-4012-82E9-7499DAD39832}
	EndGlobalSection
EndGlobal
